
Microsoft Visual Studio Solution File, Format Version 12.00
# Visual Studio Version 17
VisualStudioVersion = 17.9.34701.34
MinimumVisualStudioVersion = 10.0.40219.1
Project("{9A19103F-16F7-4668-BE54-9A1E7A4F7556}") = "Pozdravlyator.WebApp", "Pozdravlyator.WebApp\Pozdravlyator.WebApp.csproj", "{98BCC84D-8EE7-47DB-9247-AAFCAEA37509}"
EndProject
Project("{FAE04EC0-301F-11D3-BF4B-00C04F79EFBC}") = "Pozdravlyator.Domain", "Pozdravlyator.Domain\Pozdravlyator.Domain.csproj", "{E3526588-4E8B-4783-B052-D43994EABC7A}"
EndProject
Project("{FAE04EC0-301F-11D3-BF4B-00C04F79EFBC}") = "Pozdravlyator.Data", "Pozdravlyator.Data\Pozdravlyator.Data.csproj", "{0B78EEA5-911E-402D-A816-5E19016BB14E}"
EndProject
Global
	GlobalSection(SolutionConfigurationPlatforms) = preSolution
		Debug|Any CPU = Debug|Any CPU
		Release|Any CPU = Release|Any CPU
	EndGlobalSection
	GlobalSection(ProjectConfigurationPlatforms) = postSolution
		{98BCC84D-8EE7-47DB-9247-AAFCAEA37509}.Debug|Any CPU.ActiveCfg = Debug|Any CPU
		{98BCC84D-8EE7-47DB-9247-AAFCAEA37509}.Debug|Any CPU.Build.0 = Debug|Any CPU
		{98BCC84D-8EE7-47DB-9247-AAFCAEA37509}.Release|Any CPU.ActiveCfg = Release|Any CPU
		{98BCC84D-8EE7-47DB-9247-AAFCAEA37509}.Release|Any CPU.Build.0 = Release|Any CPU
		{E3526588-4E8B-4783-B052-D43994EABC7A}.Debug|Any CPU.ActiveCfg = Debug|Any CPU
		{E3526588-4E8B-4783-B052-D43994EABC7A}.Debug|Any CPU.Build.0 = Debug|Any CPU
		{E3526588-4E8B-4783-B052-D43994EABC7A}.Release|Any CPU.ActiveCfg = Release|Any CPU
		{E3526588-4E8B-4783-B052-D43994EABC7A}.Release|Any CPU.Build.0 = Release|Any CPU
		{0B78EEA5-911E-402D-A816-5E19016BB14E}.Debug|Any CPU.ActiveCfg = Debug|Any CPU
		{0B78EEA5-911E-402D-A816-5E19016BB14E}.Debug|Any CPU.Build.0 = Debug|Any CPU
		{0B78EEA5-911E-402D-A816-5E19016BB14E}.Release|Any CPU.ActiveCfg = Release|Any CPU
		{0B78EEA5-911E-402D-A816-5E19016BB14E}.Release|Any CPU.Build.0 = Release|Any CPU
	EndGlobalSection
	GlobalSection(SolutionProperties) = preSolution
		HideSolutionNode = FALSE
	EndGlobalSection
	GlobalSection(ExtensibilityGlobals) = postSolution
		SolutionGuid = {81FB6465-BCB6-4052-BB67-900E374F0B7D}
	EndGlobalSection
EndGlobal
